# @generated - this file is auto-generated by `mise lock` https://mise.en.dev/dev-tools/mise-lock.html

[[tools.istioctl]]
version = "1.31.1"
backend = "aqua:istio/istio/istioctl"

[tools.istioctl."platforms.linux-arm64"]
checksum = "sha256:9b27a99b2eaa41991ff11f0a5790c604144c3813d0ea21e5c5b84a0ede64b062"
url = "https://github.com/istio/istio/releases/download/1.31.1/istioctl-1.31.1-linux-arm64.tar.gz"

[tools.istioctl."platforms.linux-arm64-musl"]
checksum = "sha256:9b27a99b2eaa41991ff11f0a5790c604144c3813d0ea21e5c5b84a0ede64b062"
url = "https://github.com/istio/istio/releases/download/1.31.1/istioctl-1.31.1-linux-arm64.tar.gz"

[tools.istioctl."platforms.linux-x64"]
checksum = "sha256:a44563904f22f2a8bf6ac4fff1b0bad9f718587c2be6aa807b83fe9049910639"
url = "https://github.com/istio/istio/releases/download/1.31.1/istioctl-1.31.1-linux-amd64.tar.gz"

[tools.istioctl."platforms.linux-x64-musl"]
checksum = "sha256:a44563904f22f2a8bf6ac4fff1b0bad9f718587c2be6aa807b83fe9049910639"
url = "https://github.com/istio/istio/releases/download/1.31.1/istioctl-1.31.1-linux-amd64.tar.gz"

[tools.istioctl."platforms.macos-arm64"]
checksum = "sha256:3f37edda91e51a5948d688681c9db64971ee3abb38cda65d797dec51f46fecd1"
url = "https://github.com/istio/istio/releases/download/1.31.1/istioctl-1.31.1-osx-arm64.tar.gz"

[tools.istioctl."platforms.macos-x64"]
checksum = "sha256:e3205a241150eab2058d72564b1fab70dac3f881edf172b8594158db61c5926a"
url = "https://github.com/istio/istio/releases/download/1.31.1/istioctl-1.31.1-osx.tar.gz"

[tools.istioctl."platforms.windows-x64"]
checksum = "sha256:e77f2c192b54aab2ed480745bedc081b3cedecf177e357a4ea9e739634818f9f"
url = "https://github.com/istio/istio/releases/download/1.31.1/istioctl-1.31.1-win.zip"

[[tools.just]]
version = "1.58.0"
backend = "aqua:casey/just"

[tools.just."platforms.linux-arm64"]
checksum = "sha256:748237128c4c40cbdabc65e841d05ceba13cc23a91eaba395495894c1d9764df"
url = "https://github.com/casey/just/releases/download/1.58.0/just-1.58.0-aarch64-unknown-linux-musl.tar.gz"

[tools.just."platforms.linux-arm64-musl"]
checksum = "sha256:748237128c4c40cbdabc65e841d05ceba13cc23a91eaba395495894c1d9764df"
url = "https://github.com/casey/just/releases/download/1.58.0/just-1.58.0-aarch64-unknown-linux-musl.tar.gz"

[tools.just."platforms.linux-x64"]
checksum = "sha256:4a5cc2f53e6f0f8c59092a6cc38291eb729d46a7dd95d3ae582008881b84931d"
url = "https://github.com/casey/just/releases/download/1.58.0/just-1.58.0-x86_64-unknown-linux-musl.tar.gz"

[tools.just."platforms.linux-x64-musl"]
checksum = "sha256:4a5cc2f53e6f0f8c59092a6cc38291eb729d46a7dd95d3ae582008881b84931d"
url = "https://github.com/casey/just/releases/download/1.58.0/just-1.58.0-x86_64-unknown-linux-musl.tar.gz"

[tools.just."platforms.macos-arm64"]
checksum = "sha256:50ae3e996c974a0bf32ea7d10f495070df33f1b43e0616b2769e3d4821ed8f48"
url = "https://github.com/casey/just/releases/download/1.58.0/just-1.58.0-aarch64-apple-darwin.tar.gz"

[tools.just."platforms.macos-x64"]
checksum = "sha256:9a09cfef66aaa79da58203970103a0684307716caaabd3e9844cacc4dc0f4023"
url = "https://github.com/casey/just/releases/download/1.58.0/just-1.58.0-x86_64-apple-darwin.tar.gz"

[tools.just."platforms.windows-x64"]
checksum = "sha256:759f16fb7aa17c5c8b9594b6d4a8c1a6630dfd042cf2b3ff84841454d3d188dc"
url = "https://github.com/casey/just/releases/download/1.58.0/just-1.58.0-x86_64-pc-windows-msvc.zip"

[[tools.k3d]]
version = "5.9.0"
backend = "aqua:k3d-io/k3d"

[tools.k3d."platforms.linux-arm64"]
checksum = "sha256:03cde5cf23e6e8e67de5a039ecf26e5b85aca82fba3e5d13dadf904cd218a250"
url = "https://github.com/k3d-io/k3d/releases/download/v5.9.0/k3d-linux-arm64"

[tools.k3d."platforms.linux-arm64-musl"]
checksum = "sha256:03cde5cf23e6e8e67de5a039ecf26e5b85aca82fba3e5d13dadf904cd218a250"
url = "https://github.com/k3d-io/k3d/releases/download/v5.9.0/k3d-linux-arm64"

[tools.k3d."platforms.linux-x64"]
checksum = "sha256:06d8f25bc3a971c4eb29e0ff08429b180402db0f4dec838c9eac427e296800a0"
url = "https://github.com/k3d-io/k3d/releases/download/v5.9.0/k3d-linux-amd64"

[tools.k3d."platforms.linux-x64-musl"]
checksum = "sha256:06d8f25bc3a971c4eb29e0ff08429b180402db0f4dec838c9eac427e296800a0"
url = "https://github.com/k3d-io/k3d/releases/download/v5.9.0/k3d-linux-amd64"

[tools.k3d."platforms.macos-arm64"]
checksum = "sha256:fe106541d5d0a3f18debcd4d432a16f8c0ce3e6ddc06f8fbb6f696a122313e00"
url = "https://github.com/k3d-io/k3d/releases/download/v5.9.0/k3d-darwin-arm64"

[tools.k3d."platforms.macos-x64"]
checksum = "sha256:b4aabc37534f95b9c764e7823f2df923f50d57600837aa60a06266cce47db732"
url = "https://github.com/k3d-io/k3d/releases/download/v5.9.0/k3d-darwin-amd64"

[tools.k3d."platforms.windows-x64"]
checksum = "sha256:49d0b9c796f5b8ba6f58a1dd5469e8b7b34bf9b6ce9078633eedb2789680a034"
url = "https://github.com/k3d-io/k3d/releases/download/v5.9.0/k3d-windows-amd64.exe"

[[tools.kubectl]]
version = "1.37.1"
backend = "aqua:kubernetes/kubernetes/kubectl"

[tools.kubectl."platforms.linux-arm64"]
checksum = "sha256:ff749f4b78d9c4f1ec87307df9b50119ed819e2094aa9810cb9acffc3286c8c7"
url = "https://dl.k8s.io/v1.37.1/bin/linux/arm64/kubectl"

[tools.kubectl."platforms.linux-arm64-musl"]
checksum = "sha256:ff749f4b78d9c4f1ec87307df9b50119ed819e2094aa9810cb9acffc3286c8c7"
url = "https://dl.k8s.io/v1.37.1/bin/linux/arm64/kubectl"

[tools.kubectl."platforms.linux-x64"]
checksum = "sha256:65691ff77eb6fa44c908b77a1082c9f092c3b9733b5cefabec0d1104890e21a8"
url = "https://dl.k8s.io/v1.37.1/bin/linux/amd64/kubectl"

[tools.kubectl."platforms.linux-x64-musl"]
checksum = "sha256:65691ff77eb6fa44c908b77a1082c9f092c3b9733b5cefabec0d1104890e21a8"
url = "https://dl.k8s.io/v1.37.1/bin/linux/amd64/kubectl"

[tools.kubectl."platforms.macos-arm64"]
checksum = "sha256:fd65982c97ddad3106754b69ffa196d0e543aa591930ae52aed1adfb92f8c77f"
url = "https://dl.k8s.io/v1.37.1/bin/darwin/arm64/kubectl"

[tools.kubectl."platforms.macos-x64"]
checksum = "sha256:6851381c486ff6edd691623e3d65c87cb9a5b02887ff8fbbb38d8a031b748387"
url = "https://dl.k8s.io/v1.37.1/bin/darwin/amd64/kubectl"

[tools.kubectl."platforms.windows-x64"]
checksum = "sha256:14b93c4916a6f37a06fbc1f46b0a1d2404c4f9741be09f00d6caf8af3b05f1d3"
url = "https://dl.k8s.io/v1.37.1/bin/windows/amd64/kubectl.exe"

[[tools.kubectx]]
version = "0.11.0"
backend = "aqua:ahmetb/kubectx"

[tools.kubectx."platforms.linux-arm64"]
checksum = "sha256:1dac2072216689e773325cb7587b858ea7415706ebcf04e23bf80e7e70555340"
url = "https://github.com/ahmetb/kubectx/releases/download/v0.11.0/kubectx_v0.11.0_linux_arm64.tar.gz"

[tools.kubectx."platforms.linux-arm64-musl"]
checksum = "sha256:1dac2072216689e773325cb7587b858ea7415706ebcf04e23bf80e7e70555340"
url = "https://github.com/ahmetb/kubectx/releases/download/v0.11.0/kubectx_v0.11.0_linux_arm64.tar.gz"

[tools.kubectx."platforms.linux-x64"]
checksum = "sha256:08e031c54fbffb3f100e904e4eae94bba2730fedf4869921fda79e4d7a8f5d4c"
url = "https://github.com/ahmetb/kubectx/releases/download/v0.11.0/kubectx_v0.11.0_linux_x86_64.tar.gz"

[tools.kubectx."platforms.linux-x64-musl"]
checksum = "sha256:08e031c54fbffb3f100e904e4eae94bba2730fedf4869921fda79e4d7a8f5d4c"
url = "https://github.com/ahmetb/kubectx/releases/download/v0.11.0/kubectx_v0.11.0_linux_x86_64.tar.gz"

[tools.kubectx."platforms.macos-arm64"]
checksum = "sha256:b8c9b5150ca6d902474a115cf7e535831081b9ae10cbe561ea36c82bb3823d02"
url = "https://github.com/ahmetb/kubectx/releases/download/v0.11.0/kubectx_v0.11.0_darwin_arm64.tar.gz"

[tools.kubectx."platforms.macos-x64"]
checksum = "sha256:80097893b478c55be51ffe826c172f0fd5095d23cca02adbcbcabc412700a689"
url = "https://github.com/ahmetb/kubectx/releases/download/v0.11.0/kubectx_v0.11.0_darwin_x86_64.tar.gz"

[tools.kubectx."platforms.windows-x64"]
checksum = "sha256:a28fc2f0c69e715c34ea6d7520b9a17aa00cea642ff6fab0c64614d436d47a5d"
url = "https://github.com/ahmetb/kubectx/releases/download/v0.11.0/kubectx_v0.11.0_windows_x86_64.zip"

[[tools.kubens]]
version = "0.11.0"
backend = "aqua:ahmetb/kubectx/kubens"

[tools.kubens."platforms.linux-arm64"]
checksum = "sha256:37058abe82ef20c93b44f3dc8ca2382dbb95d416cec958fbf7b8f79f011be86c"
url = "https://github.com/ahmetb/kubectx/releases/download/v0.11.0/kubens_v0.11.0_linux_arm64.tar.gz"

[tools.kubens."platforms.linux-arm64-musl"]
checksum = "sha256:37058abe82ef20c93b44f3dc8ca2382dbb95d416cec958fbf7b8f79f011be86c"
url = "https://github.com/ahmetb/kubectx/releases/download/v0.11.0/kubens_v0.11.0_linux_arm64.tar.gz"

[tools.kubens."platforms.linux-x64"]
checksum = "sha256:326c021c7b35468ed9a187b361198d0f22ae32828139c65eb6670c0d8301cc09"
url = "https://github.com/ahmetb/kubectx/releases/download/v0.11.0/kubens_v0.11.0_linux_x86_64.tar.gz"

[tools.kubens."platforms.linux-x64-musl"]
checksum = "sha256:326c021c7b35468ed9a187b361198d0f22ae32828139c65eb6670c0d8301cc09"
url = "https://github.com/ahmetb/kubectx/releases/download/v0.11.0/kubens_v0.11.0_linux_x86_64.tar.gz"

[tools.kubens."platforms.macos-arm64"]
checksum = "sha256:b1c87ddca22f1afc3e980ac807a715cd1183750022798d28a0a4e0cf66bec4e3"
url = "https://github.com/ahmetb/kubectx/releases/download/v0.11.0/kubens_v0.11.0_darwin_arm64.tar.gz"

[tools.kubens."platforms.macos-x64"]
checksum = "sha256:9dbe1bf26fd911f2f56661a2f34bf2fe32dfd3af5f11287d0a864da92a746509"
url = "https://github.com/ahmetb/kubectx/releases/download/v0.11.0/kubens_v0.11.0_darwin_x86_64.tar.gz"

[tools.kubens."platforms.windows-x64"]
checksum = "sha256:aa10daca6ce321377d61a7e9534911df9eee42a0b6e198000757f8d1e8d0a480"
url = "https://github.com/ahmetb/kubectx/releases/download/v0.11.0/kubens_v0.11.0_windows_x86_64.zip"

[[tools.pre-commit]]
version = "4.6.2"
backend = "aqua:pre-commit/pre-commit"

[tools.pre-commit."platforms.linux-arm64"]
checksum = "sha256:43c09a73d82af8efff09900e60d76d67a2c3d990613c3c770b2b5c4418a16c4b"
url = "https://github.com/pre-commit/pre-commit/releases/download/v4.6.2/pre-commit-4.6.2.pyz"

[tools.pre-commit."platforms.linux-arm64-musl"]
checksum = "sha256:43c09a73d82af8efff09900e60d76d67a2c3d990613c3c770b2b5c4418a16c4b"
url = "https://github.com/pre-commit/pre-commit/releases/download/v4.6.2/pre-commit-4.6.2.pyz"

[tools.pre-commit."platforms.linux-x64"]
checksum = "sha256:43c09a73d82af8efff09900e60d76d67a2c3d990613c3c770b2b5c4418a16c4b"
url = "https://github.com/pre-commit/pre-commit/releases/download/v4.6.2/pre-commit-4.6.2.pyz"

[tools.pre-commit."platforms.linux-x64-musl"]
checksum = "sha256:43c09a73d82af8efff09900e60d76d67a2c3d990613c3c770b2b5c4418a16c4b"
url = "https://github.com/pre-commit/pre-commit/releases/download/v4.6.2/pre-commit-4.6.2.pyz"

[tools.pre-commit."platforms.macos-arm64"]
checksum = "sha256:43c09a73d82af8efff09900e60d76d67a2c3d990613c3c770b2b5c4418a16c4b"
url = "https://github.com/pre-commit/pre-commit/releases/download/v4.6.2/pre-commit-4.6.2.pyz"

[tools.pre-commit."platforms.macos-x64"]
checksum = "sha256:43c09a73d82af8efff09900e60d76d67a2c3d990613c3c770b2b5c4418a16c4b"
url = "https://github.com/pre-commit/pre-commit/releases/download/v4.6.2/pre-commit-4.6.2.pyz"
