# @generated - this file is auto-generated by `mise lock` https://mise.en.dev/dev-tools/mise-lock.html

[[tools.age]]
version = "1.3.2"
backend = "aqua:FiloSottile/age"

[tools.age."platforms.macos-arm64"]
checksum = "sha256:e2020b073c44f692685a24d6abc378817eb81ffaaf49fd0531ef8565f767f2f5"
url = "https://github.com/FiloSottile/age/releases/download/v1.3.2/age-v1.3.2-darwin-arm64.tar.gz"
provenance = "github-attestations"

[[tools.flux2]]
version = "2.9.6"
backend = "aqua:fluxcd/flux2"

[tools.flux2."platforms.macos-arm64"]
checksum = "sha256:7008a758da4b8d57c5845aad6552f256d4d23630c2b2de2ca8da362f9a48c126"
url = "https://github.com/fluxcd/flux2/releases/download/v2.9.6/flux_2.9.6_darwin_arm64.tar.gz"

[tools.flux2."platforms.macos-arm64".provenance.slsa]
url = "https://github.com/fluxcd/flux2/releases/download/v2.9.6/provenance.intoto.jsonl"

[[tools.istioctl]]
version = "1.31.1"
backend = "aqua:istio/istio/istioctl"

[tools.istioctl."platforms.macos-arm64"]
checksum = "sha256:3f37edda91e51a5948d688681c9db64971ee3abb38cda65d797dec51f46fecd1"
url = "https://github.com/istio/istio/releases/download/1.31.1/istioctl-1.31.1-osx-arm64.tar.gz"

[[tools.just]]
version = "1.58.0"
backend = "aqua:casey/just"

[tools.just."platforms.macos-arm64"]
checksum = "sha256:50ae3e996c974a0bf32ea7d10f495070df33f1b43e0616b2769e3d4821ed8f48"
url = "https://github.com/casey/just/releases/download/1.58.0/just-1.58.0-aarch64-apple-darwin.tar.gz"

[[tools.k3d]]
version = "5.9.0"
backend = "aqua:k3d-io/k3d"

[tools.k3d."platforms.macos-arm64"]
checksum = "sha256:fe106541d5d0a3f18debcd4d432a16f8c0ce3e6ddc06f8fbb6f696a122313e00"
url = "https://github.com/k3d-io/k3d/releases/download/v5.9.0/k3d-darwin-arm64"

[[tools.kubectl]]
version = "1.37.1"
backend = "aqua:kubernetes/kubernetes/kubectl"

[tools.kubectl."platforms.macos-arm64"]
checksum = "sha256:fd65982c97ddad3106754b69ffa196d0e543aa591930ae52aed1adfb92f8c77f"
url = "https://dl.k8s.io/v1.37.1/bin/darwin/arm64/kubectl"

[[tools.kubectx]]
version = "0.11.0"
backend = "aqua:ahmetb/kubectx"

[tools.kubectx."platforms.macos-arm64"]
checksum = "sha256:b8c9b5150ca6d902474a115cf7e535831081b9ae10cbe561ea36c82bb3823d02"
url = "https://github.com/ahmetb/kubectx/releases/download/v0.11.0/kubectx_v0.11.0_darwin_arm64.tar.gz"

[[tools.kubens]]
version = "0.11.0"
backend = "aqua:ahmetb/kubectx/kubens"

[tools.kubens."platforms.macos-arm64"]
checksum = "sha256:b1c87ddca22f1afc3e980ac807a715cd1183750022798d28a0a4e0cf66bec4e3"
url = "https://github.com/ahmetb/kubectx/releases/download/v0.11.0/kubens_v0.11.0_darwin_arm64.tar.gz"

[[tools.pre-commit]]
version = "4.6.2"
backend = "aqua:pre-commit/pre-commit"

[tools.pre-commit."platforms.macos-arm64"]
checksum = "sha256:43c09a73d82af8efff09900e60d76d67a2c3d990613c3c770b2b5c4418a16c4b"
url = "https://github.com/pre-commit/pre-commit/releases/download/v4.6.2/pre-commit-4.6.2.pyz"

[[tools.sops]]
version = "3.13.3"
backend = "aqua:getsops/sops"

[tools.sops."platforms.macos-arm64"]
checksum = "sha256:b97c0d434aab577dc40310e8d22ff9e45eef4c80638ab978daae9b4681c59286"
url = "https://github.com/getsops/sops/releases/download/v3.13.3/sops-v3.13.3.darwin.arm64"

[tools.sops."platforms.macos-arm64".provenance.slsa]
url = "https://github.com/getsops/sops/releases/download/v3.13.3/sops-v3.13.3.intoto.jsonl"
