version: 1.8.1
dependencies:
  - name: base
    repository: https://blob.istio.io/istio-release/charts
    version: 1.31.1
  - name: gateway
    repository: https://blob.istio.io/istio-release/charts
    version: 1.31.1
  - name: istiod
    repository: https://blob.istio.io/istio-release/charts
    version: 1.31.1
digest: sha256:84c4cd3d8292a789e65bfe6080a9f369c8f82e0fda0d46ca8cb9a2d4c4b17244
generated: "2026-10-08T19:37:40.841862+02:00"
